
Microsoft Visual Studio Solution File, Format Version 12.00
# Visual Studio Version 17
VisualStudioVersion = 17.7.34031.279
MinimumVisualStudioVersion = 10.0.40219.1
Project("{FAE04EC0-301F-11D3-BF4B-00C04F79EFBC}") = "Examen1", "Examen1.csproj", "{7506F550-222C-463B-9C7D-48AF63F34D21}"
EndProject
Global
	GlobalSection(SolutionConfigurationPlatforms) = preSolution
		Debug|Any CPU = Debug|Any CPU
		Release|Any CPU = Release|Any CPU
	EndGlobalSection
	GlobalSection(ProjectConfigurationPlatforms) = postSolution
		{7506F550-222C-463B-9C7D-48AF63F34D21}.Debug|Any CPU.ActiveCfg = Debug|Any CPU
		{7506F550-222C-463B-9C7D-48AF63F34D21}.Debug|Any CPU.Build.0 = Debug|Any CPU
		{7506F550-222C-463B-9C7D-48AF63F34D21}.Release|Any CPU.ActiveCfg = Release|Any CPU
		{7506F550-222C-463B-9C7D-48AF63F34D21}.Release|Any CPU.Build.0 = Release|Any CPU
	EndGlobalSection
	GlobalSection(SolutionProperties) = preSolution
		HideSolutionNode = FALSE
	EndGlobalSection
	GlobalSection(ExtensibilityGlobals) = postSolution
		SolutionGuid = {03670B8E-CE07-4F56-8A32-D91C6F29CB47}
	EndGlobalSection
EndGlobal
